
Microsoft Visual Studio Solution File, Format Version 12.00
# Visual Studio 2012
Project("{FAE04EC0-301F-11D3-BF4B-00C04F79EFBC}") = "MacEol", "MacEol\MacEol.csproj", "{F5A8BEDC-755C-4FDF-9E41-D55E923B2832}"
EndProject
Project("{FAE04EC0-301F-11D3-BF4B-00C04F79EFBC}") = "AnotherMac", "AnotherMac\AnotherMac.csproj", "{288434E2-28F8-4A23-AAA7-36669DD3D424}"
EndProject
Global
	GlobalSection(SolutionConfigurationPlatforms) = preSolution
		Debug|x86 = Debug|x86
		Release|x86 = Release|x86
	EndGlobalSection
	GlobalSection(ProjectConfigurationPlatforms) = postSolution
		{288434E2-28F8-4A23-AAA7-36669DD3D424}.Debug|x86.ActiveCfg = Debug|x86
		{288434E2-28F8-4A23-AAA7-36669DD3D424}.Debug|x86.Build.0 = Debug|x86
		{288434E2-28F8-4A23-AAA7-36669DD3D424}.Release|x86.ActiveCfg = Release|x86
		{288434E2-28F8-4A23-AAA7-36669DD3D424}.Release|x86.Build.0 = Release|x86
		{F5A8BEDC-755C-4FDF-9E41-D55E923B2832}.Debug|x86.ActiveCfg = Debug|x86
		{F5A8BEDC-755C-4FDF-9E41-D55E923B2832}.Debug|x86.Build.0 = Debug|x86
		{F5A8BEDC-755C-4FDF-9E41-D55E923B2832}.Release|x86.ActiveCfg = Release|x86
		{F5A8BEDC-755C-4FDF-9E41-D55E923B2832}.Release|x86.Build.0 = Release|x86
	EndGlobalSection
EndGlobal
